
Microsoft Visual Studio Solution File, Format Version 12.00
# Visual Studio 2013
VisualStudioVersion = 12.0.21005.1
MinimumVisualStudioVersion = 10.0.40219.1
Project("{FAE04EC0-301F-11D3-BF4B-00C04F79EFBC}") = "CopyFullPath", "CopyFullPath\CopyFullPath.csproj", "{D723F0C7-5F05-48D8-A2CC-981DDE83FBC4}"
EndProject
Project("{FAE04EC0-301F-11D3-BF4B-00C04F79EFBC}") = "Install", "Install\Install.csproj", "{71FDB2AD-80C8-4A06-A3CF-D8E092498E81}"
EndProject
Project("{FAE04EC0-301F-11D3-BF4B-00C04F79EFBC}") = "Remove", "Remove\Remove.csproj", "{B1068C14-C288-40F2-8202-85AF7F333203}"
EndProject
Global
	GlobalSection(TeamFoundationVersionControl) = preSolution
		SccNumberOfProjects = 4
		SccEnterpriseProvider = {4CA58AB2-18FA-4F8D-95D4-32DDF27D184C}
		SccTeamFoundationServer = https://tfs.codeplex.com/tfs/tfs15
		SccLocalPath0 = .
		SccProjectUniqueName1 = CopyFullPath\\CopyFullPath.csproj
		SccProjectName1 = CopyFullPath
		SccLocalPath1 = CopyFullPath
		SccProjectUniqueName2 = Install\\Install.csproj
		SccProjectName2 = Install
		SccLocalPath2 = Install
		SccProjectUniqueName3 = Remove\\Remove.csproj
		SccProjectName3 = Remove
		SccLocalPath3 = Remove
	EndGlobalSection
	GlobalSection(SolutionConfigurationPlatforms) = preSolution
		Debug|Any CPU = Debug|Any CPU
		Release|Any CPU = Release|Any CPU
	EndGlobalSection
	GlobalSection(ProjectConfigurationPlatforms) = postSolution
		{D723F0C7-5F05-48D8-A2CC-981DDE83FBC4}.Debug|Any CPU.ActiveCfg = Debug|Any CPU
		{D723F0C7-5F05-48D8-A2CC-981DDE83FBC4}.Debug|Any CPU.Build.0 = Debug|Any CPU
		{D723F0C7-5F05-48D8-A2CC-981DDE83FBC4}.Release|Any CPU.ActiveCfg = Release|Any CPU
		{D723F0C7-5F05-48D8-A2CC-981DDE83FBC4}.Release|Any CPU.Build.0 = Release|Any CPU
		{71FDB2AD-80C8-4A06-A3CF-D8E092498E81}.Debug|Any CPU.ActiveCfg = Debug|Any CPU
		{71FDB2AD-80C8-4A06-A3CF-D8E092498E81}.Debug|Any CPU.Build.0 = Debug|Any CPU
		{71FDB2AD-80C8-4A06-A3CF-D8E092498E81}.Release|Any CPU.ActiveCfg = Release|Any CPU
		{71FDB2AD-80C8-4A06-A3CF-D8E092498E81}.Release|Any CPU.Build.0 = Release|Any CPU
		{B1068C14-C288-40F2-8202-85AF7F333203}.Debug|Any CPU.ActiveCfg = Debug|Any CPU
		{B1068C14-C288-40F2-8202-85AF7F333203}.Debug|Any CPU.Build.0 = Debug|Any CPU
		{B1068C14-C288-40F2-8202-85AF7F333203}.Release|Any CPU.ActiveCfg = Release|Any CPU
		{B1068C14-C288-40F2-8202-85AF7F333203}.Release|Any CPU.Build.0 = Release|Any CPU
	EndGlobalSection
	GlobalSection(SolutionProperties) = preSolution
		HideSolutionNode = FALSE
	EndGlobalSection
EndGlobal
